
Microsoft Visual Studio Solution File, Format Version 12.00
# Visual Studio Version 16
VisualStudioVersion = 16.0.33801.447
MinimumVisualStudioVersion = 10.0.40219.1
Project("{FAE04EC0-301F-11D3-BF4B-00C04F79EFBC}") = "Project", "Project\Project.csproj", "{739036AA-69D6-4F1A-BC92-10B1FD272745}"
EndProject
Global
	GlobalSection(SolutionConfigurationPlatforms) = preSolution
		Debug|Any CPU = Debug|Any CPU
		Release|Any CPU = Release|Any CPU
	EndGlobalSection
	GlobalSection(ProjectConfigurationPlatforms) = postSolution
		{739036AA-69D6-4F1A-BC92-10B1FD272745}.Debug|Any CPU.ActiveCfg = Debug|Any CPU
		{739036AA-69D6-4F1A-BC92-10B1FD272745}.Debug|Any CPU.Build.0 = Debug|Any CPU
		{739036AA-69D6-4F1A-BC92-10B1FD272745}.Release|Any CPU.ActiveCfg = Release|Any CPU
		{739036AA-69D6-4F1A-BC92-10B1FD272745}.Release|Any CPU.Build.0 = Release|Any CPU
	EndGlobalSection
	GlobalSection(SolutionProperties) = preSolution
		HideSolutionNode = FALSE
	EndGlobalSection
	GlobalSection(ExtensibilityGlobals) = postSolution
		SolutionGuid = {7A2DA063-D26D-401F-9886-8903923D68D1}
	EndGlobalSection
EndGlobal
